// !$*UTF8*$!
{
	archiveVersion = 1;
	classes = {
	};
	objectVersion = 56;
	objects = {

/* Begin PBXBuildFile section */
		3CB0709E53FD7C6F151403BF /* Pods_RxMemo.framework in Frameworks */ = {isa = PBXBuildFile; fileRef = E3178A4445EA1585CB0E2FC6 /* Pods_RxMemo.framework */; };
		DE72BAEC2983ADAD00EA7E92 /* AppDelegate.swift in Sources */ = {isa = PBXBuildFile; fileRef = DE72BAEB2983ADAD00EA7E92 /* AppDelegate.swift */; };
		DE72BAEE2983ADAD00EA7E92 /* SceneDelegate.swift in Sources */ = {isa = PBXBuildFile; fileRef = DE72BAED2983ADAD00EA7E92 /* SceneDelegate.swift */; };
		DE72BAF32983ADAD00EA7E92 /* Main.storyboard in Resources */ = {isa = PBXBuildFile; fileRef = DE72BAF12983ADAD00EA7E92 /* Main.storyboard */; };
		DE72BAF52983ADAF00EA7E92 /* Assets.xcassets in Resources */ = {isa = PBXBuildFile; fileRef = DE72BAF42983ADAF00EA7E92 /* Assets.xcassets */; };
		DE72BAF82983ADAF00EA7E92 /* LaunchScreen.storyboard in Resources */ = {isa = PBXBuildFile; fileRef = DE72BAF62983ADAF00EA7E92 /* LaunchScreen.storyboard */; };
		DE72BB052983B4D200EA7E92 /* Memo.swift in Sources */ = {isa = PBXBuildFile; fileRef = DE72BB042983B4D200EA7E92 /* Memo.swift */; };
		DE72BB072983B5C400EA7E92 /* MemoStorageType.swift in Sources */ = {isa = PBXBuildFile; fileRef = DE72BB062983B5C400EA7E92 /* MemoStorageType.swift */; };
		DE72BB0B2983B7C500EA7E92 /* MemoryStorage.swift in Sources */ = {isa = PBXBuildFile; fileRef = DE72BB0A2983B7C500EA7E92 /* MemoryStorage.swift */; };
		DE72BB0D2983C05D00EA7E92 /* MemoListViewController.swift in Sources */ = {isa = PBXBuildFile; fileRef = DE72BB0C2983C05D00EA7E92 /* MemoListViewController.swift */; };
		DE72BB0F2983C08900EA7E92 /* MemoDetailViewController.swift in Sources */ = {isa = PBXBuildFile; fileRef = DE72BB0E2983C08900EA7E92 /* MemoDetailViewController.swift */; };
		DE72BB112983C0A900EA7E92 /* MemoComposeViewController.swift in Sources */ = {isa = PBXBuildFile; fileRef = DE72BB102983C0A900EA7E92 /* MemoComposeViewController.swift */; };
		DE72BB132983C10500EA7E92 /* MemoListViewModel.swift in Sources */ = {isa = PBXBuildFile; fileRef = DE72BB122983C10500EA7E92 /* MemoListViewModel.swift */; };
		DE72BB152983C13000EA7E92 /* MemoDetailViewModel.swift in Sources */ = {isa = PBXBuildFile; fileRef = DE72BB142983C13000EA7E92 /* MemoDetailViewModel.swift */; };
		DE72BB172983C15600EA7E92 /* MemoComposeViewModel.swift in Sources */ = {isa = PBXBuildFile; fileRef = DE72BB162983C15600EA7E92 /* MemoComposeViewModel.swift */; };
		DE72BB192983C19A00EA7E92 /* ViewModelBindableType.swift in Sources */ = {isa = PBXBuildFile; fileRef = DE72BB182983C19A00EA7E92 /* ViewModelBindableType.swift */; };
/* End PBXBuildFile section */

/* Begin PBXFileReference section */
		AE39CAB7C8FD820427EFC081 /* Pods-RxMemo.release.xcconfig */ = {isa = PBXFileReference; includeInIndex = 1; lastKnownFileType = text.xcconfig; name = "Pods-RxMemo.release.xcconfig"; path = "Target Support Files/Pods-RxMemo/Pods-RxMemo.release.xcconfig"; sourceTree = "<group>"; };
		DE72BAE82983ADAD00EA7E92 /* RxMemo.app */ = {isa = PBXFileReference; explicitFileType = wrapper.application; includeInIndex = 0; path = RxMemo.app; sourceTree = BUILT_PRODUCTS_DIR; };
		DE72BAEB2983ADAD00EA7E92 /* AppDelegate.swift */ = {isa = PBXFileReference; lastKnownFileType = sourcecode.swift; path = AppDelegate.swift; sourceTree = "<group>"; };
		DE72BAED2983ADAD00EA7E92 /* SceneDelegate.swift */ = {isa = PBXFileReference; lastKnownFileType = sourcecode.swift; path = SceneDelegate.swift; sourceTree = "<group>"; };
		DE72BAF22983ADAD00EA7E92 /* Base */ = {isa = PBXFileReference; lastKnownFileType = file.storyboard; name = Base; path = Base.lproj/Main.storyboard; sourceTree = "<group>"; };
		DE72BAF42983ADAF00EA7E92 /* Assets.xcassets */ = {isa = PBXFileReference; lastKnownFileType = folder.assetcatalog; path = Assets.xcassets; sourceTree = "<group>"; };
		DE72BAF72983ADAF00EA7E92 /* Base */ = {isa = PBXFileReference; lastKnownFileType = file.storyboard; name = Base; path = Base.lproj/LaunchScreen.storyboard; sourceTree = "<group>"; };
		DE72BAF92983ADAF00EA7E92 /* Info.plist */ = {isa = PBXFileReference; lastKnownFileType = text.plist.xml; path = Info.plist; sourceTree = "<group>"; };
		DE72BB042983B4D200EA7E92 /* Memo.swift */ = {isa = PBXFileReference; lastKnownFileType = sourcecode.swift; path = Memo.swift; sourceTree = "<group>"; };
		DE72BB062983B5C400EA7E92 /* MemoStorageType.swift */ = {isa = PBXFileReference; lastKnownFileType = sourcecode.swift; path = MemoStorageType.swift; sourceTree = "<group>"; };
		DE72BB0A2983B7C500EA7E92 /* MemoryStorage.swift */ = {isa = PBXFileReference; lastKnownFileType = sourcecode.swift; path = MemoryStorage.swift; sourceTree = "<group>"; };
		DE72BB0C2983C05D00EA7E92 /* MemoListViewController.swift */ = {isa = PBXFileReference; lastKnownFileType = sourcecode.swift; path = MemoListViewController.swift; sourceTree = "<group>"; };
		DE72BB0E2983C08900EA7E92 /* MemoDetailViewController.swift */ = {isa = PBXFileReference; lastKnownFileType = sourcecode.swift; path = MemoDetailViewController.swift; sourceTree = "<group>"; };
		DE72BB102983C0A900EA7E92 /* MemoComposeViewController.swift */ = {isa = PBXFileReference; lastKnownFileType = sourcecode.swift; path = MemoComposeViewController.swift; sourceTree = "<group>"; };
		DE72BB122983C10500EA7E92 /* MemoListViewModel.swift */ = {isa = PBXFileReference; lastKnownFileType = sourcecode.swift; path = MemoListViewModel.swift; sourceTree = "<group>"; };
		DE72BB142983C13000EA7E92 /* MemoDetailViewModel.swift */ = {isa = PBXFileReference; lastKnownFileType = sourcecode.swift; path = MemoDetailViewModel.swift; sourceTree = "<group>"; };
		DE72BB162983C15600EA7E92 /* MemoComposeViewModel.swift */ = {isa = PBXFileReference; lastKnownFileType = sourcecode.swift; path = MemoComposeViewModel.swift; sourceTree = "<group>"; };
		DE72BB182983C19A00EA7E92 /* ViewModelBindableType.swift */ = {isa = PBXFileReference; lastKnownFileType = sourcecode.swift; path = ViewModelBindableType.swift; sourceTree = "<group>"; };
		E3178A4445EA1585CB0E2FC6 /* Pods_RxMemo.framework */ = {isa = PBXFileReference; explicitFileType = wrapper.framework; includeInIndex = 0; path = Pods_RxMemo.framework; sourceTree = BUILT_PRODUCTS_DIR; };
		ECBBC4223351B0067C461796 /* Pods-RxMemo.debug.xcconfig */ = {isa = PBXFileReference; includeInIndex = 1; lastKnownFileType = text.xcconfig; name = "Pods-RxMemo.debug.xcconfig"; path = "Target Support Files/Pods-RxMemo/Pods-RxMemo.debug.xcconfig"; sourceTree = "<group>"; };
/* End PBXFileReference section */

/* Begin PBXFrameworksBuildPhase section */
		DE72BAE52983ADAD00EA7E92 /* Frameworks */ = {
			isa = PBXFrameworksBuildPhase;
			buildActionMask = 2147483647;
			files = (
				3CB0709E53FD7C6F151403BF /* Pods_RxMemo.framework in Frameworks */,
			);
			runOnlyForDeploymentPostprocessing = 0;
		};
/* End PBXFrameworksBuildPhase section */

/* Begin PBXGroup section */
		0C15F062229E8DD9397DAE3D /* Pods */ = {
			isa = PBXGroup;
			children = (
				ECBBC4223351B0067C461796 /* Pods-RxMemo.debug.xcconfig */,
				AE39CAB7C8FD820427EFC081 /* Pods-RxMemo.release.xcconfig */,
			);
			path = Pods;
			sourceTree = "<group>";
		};
		DE72BADF2983ADAD00EA7E92 = {
			isa = PBXGroup;
			children = (
				DE72BAEA2983ADAD00EA7E92 /* RxMemo */,
				DE72BAE92983ADAD00EA7E92 /* Products */,
				0C15F062229E8DD9397DAE3D /* Pods */,
				F7BD79AA72607FC6F281C4C3 /* Frameworks */,
			);
			sourceTree = "<group>";
		};
		DE72BAE92983ADAD00EA7E92 /* Products */ = {
			isa = PBXGroup;
			children = (
				DE72BAE82983ADAD00EA7E92 /* RxMemo.app */,
			);
			name = Products;
			sourceTree = "<group>";
		};
		DE72BAEA2983ADAD00EA7E92 /* RxMemo */ = {
			isa = PBXGroup;
			children = (
				DE72BB032983B41400EA7E92 /* Scene */,
				DE72BB022983B40000EA7E92 /* Service */,
				DE72BB012983B3F000EA7E92 /* ViewModel */,
				DE72BB002983B3D900EA7E92 /* ViewController */,
				DE72BAFF2983B3C400EA7E92 /* Model */,
				DE72BAEB2983ADAD00EA7E92 /* AppDelegate.swift */,
				DE72BAED2983ADAD00EA7E92 /* SceneDelegate.swift */,
				DE72BAF42983ADAF00EA7E92 /* Assets.xcassets */,
				DE72BAF92983ADAF00EA7E92 /* Info.plist */,
			);
			path = RxMemo;
			sourceTree = "<group>";
		};
		DE72BAFF2983B3C400EA7E92 /* Model */ = {
			isa = PBXGroup;
			children = (
				DE72BB042983B4D200EA7E92 /* Memo.swift */,
			);
			path = Model;
			sourceTree = "<group>";
		};
		DE72BB002983B3D900EA7E92 /* ViewController */ = {
			isa = PBXGroup;
			children = (
				DE72BAF12983ADAD00EA7E92 /* Main.storyboard */,
				DE72BAF62983ADAF00EA7E92 /* LaunchScreen.storyboard */,
				DE72BB0C2983C05D00EA7E92 /* MemoListViewController.swift */,
				DE72BB0E2983C08900EA7E92 /* MemoDetailViewController.swift */,
				DE72BB102983C0A900EA7E92 /* MemoComposeViewController.swift */,
				DE72BB182983C19A00EA7E92 /* ViewModelBindableType.swift */,
			);
			path = ViewController;
			sourceTree = "<group>";
		};
		DE72BB012983B3F000EA7E92 /* ViewModel */ = {
			isa = PBXGroup;
			children = (
				DE72BB122983C10500EA7E92 /* MemoListViewModel.swift */,
				DE72BB142983C13000EA7E92 /* MemoDetailViewModel.swift */,
				DE72BB162983C15600EA7E92 /* MemoComposeViewModel.swift */,
			);
			path = ViewModel;
			sourceTree = "<group>";
		};
		DE72BB022983B40000EA7E92 /* Service */ = {
			isa = PBXGroup;
			children = (
				DE72BB092983B78F00EA7E92 /* CoreDataStorage */,
				DE72BB082983B75F00EA7E92 /* MemoryStorage */,
				DE72BB062983B5C400EA7E92 /* MemoStorageType.swift */,
			);
			path = Service;
			sourceTree = "<group>";
		};
		DE72BB032983B41400EA7E92 /* Scene */ = {
			isa = PBXGroup;
			children = (
			);
			path = Scene;
			sourceTree = "<group>";
		};
		DE72BB082983B75F00EA7E92 /* MemoryStorage */ = {
			isa = PBXGroup;
			children = (
				DE72BB0A2983B7C500EA7E92 /* MemoryStorage.swift */,
			);
			path = MemoryStorage;
			sourceTree = "<group>";
		};
		DE72BB092983B78F00EA7E92 /* CoreDataStorage */ = {
			isa = PBXGroup;
			children = (
			);
			path = CoreDataStorage;
			sourceTree = "<group>";
		};
		F7BD79AA72607FC6F281C4C3 /* Frameworks */ = {
			isa = PBXGroup;
			children = (
				E3178A4445EA1585CB0E2FC6 /* Pods_RxMemo.framework */,
			);
			name = Frameworks;
			sourceTree = "<group>";
		};
/* End PBXGroup section */

/* Begin PBXNativeTarget section */
		DE72BAE72983ADAD00EA7E92 /* RxMemo */ = {
			isa = PBXNativeTarget;
			buildConfigurationList = DE72BAFC2983ADAF00EA7E92 /* Build configuration list for PBXNativeTarget "RxMemo" */;
			buildPhases = (
				02B6518FFAC562F75223611C /* [CP] Check Pods Manifest.lock */,
				DE72BAE42983ADAD00EA7E92 /* Sources */,
				DE72BAE52983ADAD00EA7E92 /* Frameworks */,
				DE72BAE62983ADAD00EA7E92 /* Resources */,
				95A8D7BA45646C1290D4F12D /* [CP] Embed Pods Frameworks */,
			);
			buildRules = (
			);
			dependencies = (
			);
			name = RxMemo;
			productName = RxMemo;
			productReference = DE72BAE82983ADAD00EA7E92 /* RxMemo.app */;
			productType = "com.apple.product-type.application";
		};
/* End PBXNativeTarget section */

/* Begin PBXProject section */
		DE72BAE02983ADAD00EA7E92 /* Project object */ = {
			isa = PBXProject;
			attributes = {
				BuildIndependentTargetsInParallel = 1;
				LastSwiftUpdateCheck = 1410;
				LastUpgradeCheck = 1410;
				TargetAttributes = {
					DE72BAE72983ADAD00EA7E92 = {
						CreatedOnToolsVersion = 14.1;
					};
				};
			};
			buildConfigurationList = DE72BAE32983ADAD00EA7E92 /* Build configuration list for PBXProject "RxMemo" */;
			compatibilityVersion = "Xcode 14.0";
			developmentRegion = en;
			hasScannedForEncodings = 0;
			knownRegions = (
				en,
				Base,
			);
			mainGroup = DE72BADF2983ADAD00EA7E92;
			productRefGroup = DE72BAE92983ADAD00EA7E92 /* Products */;
			projectDirPath = "";
			projectRoot = "";
			targets = (
				DE72BAE72983ADAD00EA7E92 /* RxMemo */,
			);
		};
/* End PBXProject section */

/* Begin PBXResourcesBuildPhase section */
		DE72BAE62983ADAD00EA7E92 /* Resources */ = {
			isa = PBXResourcesBuildPhase;
			buildActionMask = 2147483647;
			files = (
				DE72BAF82983ADAF00EA7E92 /* LaunchScreen.storyboard in Resources */,
				DE72BAF52983ADAF00EA7E92 /* Assets.xcassets in Resources */,
				DE72BAF32983ADAD00EA7E92 /* Main.storyboard in Resources */,
			);
			runOnlyForDeploymentPostprocessing = 0;
		};
/* End PBXResourcesBuildPhase section */

/* Begin PBXShellScriptBuildPhase section */
		02B6518FFAC562F75223611C /* [CP] Check Pods Manifest.lock */ = {
			isa = PBXShellScriptBuildPhase;
			buildActionMask = 2147483647;
			files = (
			);
			inputFileListPaths = (
			);
			inputPaths = (
				"${PODS_PODFILE_DIR_PATH}/Podfile.lock",
				"${PODS_ROOT}/Manifest.lock",
			);
			name = "[CP] Check Pods Manifest.lock";
			outputFileListPaths = (
			);
			outputPaths = (
				"$(DERIVED_FILE_DIR)/Pods-RxMemo-checkManifestLockResult.txt",
			);
			runOnlyForDeploymentPostprocessing = 0;
			shellPath = /bin/sh;
			shellScript = "diff \"${PODS_PODFILE_DIR_PATH}/Podfile.lock\" \"${PODS_ROOT}/Manifest.lock\" > /dev/null\nif [ $? != 0 ] ; then\n    # print error to STDERR\n    echo \"error: The sandbox is not in sync with the Podfile.lock. Run 'pod install' or update your CocoaPods installation.\" >&2\n    exit 1\nfi\n# This output is used by Xcode 'outputs' to avoid re-running this script phase.\necho \"SUCCESS\" > \"${SCRIPT_OUTPUT_FILE_0}\"\n";
			showEnvVarsInLog = 0;
		};
		95A8D7BA45646C1290D4F12D /* [CP] Embed Pods Frameworks */ = {
			isa = PBXShellScriptBuildPhase;
			buildActionMask = 2147483647;
			files = (
			);
			inputFileListPaths = (
				"${PODS_ROOT}/Target Support Files/Pods-RxMemo/Pods-RxMemo-frameworks-${CONFIGURATION}-input-files.xcfilelist",
			);
			name = "[CP] Embed Pods Frameworks";
			outputFileListPaths = (
				"${PODS_ROOT}/Target Support Files/Pods-RxMemo/Pods-RxMemo-frameworks-${CONFIGURATION}-output-files.xcfilelist",
			);
			runOnlyForDeploymentPostprocessing = 0;
			shellPath = /bin/sh;
			shellScript = "\"${PODS_ROOT}/Target Support Files/Pods-RxMemo/Pods-RxMemo-frameworks.sh\"\n";
			showEnvVarsInLog = 0;
		};
/* End PBXShellScriptBuildPhase section */

/* Begin PBXSourcesBuildPhase section */
		DE72BAE42983ADAD00EA7E92 /* Sources */ = {
			isa = PBXSourcesBuildPhase;
			buildActionMask = 2147483647;
			files = (
				DE72BB0F2983C08900EA7E92 /* MemoDetailViewController.swift in Sources */,
				DE72BB052983B4D200EA7E92 /* Memo.swift in Sources */,
				DE72BB172983C15600EA7E92 /* MemoComposeViewModel.swift in Sources */,
				DE72BB072983B5C400EA7E92 /* MemoStorageType.swift in Sources */,
				DE72BB152983C13000EA7E92 /* MemoDetailViewModel.swift in Sources */,
				DE72BB0D2983C05D00EA7E92 /* MemoListViewController.swift in Sources */,
				DE72BAEC2983ADAD00EA7E92 /* AppDelegate.swift in Sources */,
				DE72BB112983C0A900EA7E92 /* MemoComposeViewController.swift in Sources */,
				DE72BAEE2983ADAD00EA7E92 /* SceneDelegate.swift in Sources */,
				DE72BB192983C19A00EA7E92 /* ViewModelBindableType.swift in Sources */,
				DE72BB0B2983B7C500EA7E92 /* MemoryStorage.swift in Sources */,
				DE72BB132983C10500EA7E92 /* MemoListViewModel.swift in Sources */,
			);
			runOnlyForDeploymentPostprocessing = 0;
		};
/* End PBXSourcesBuildPhase section */

/* Begin PBXVariantGroup section */
		DE72BAF12983ADAD00EA7E92 /* Main.storyboard */ = {
			isa = PBXVariantGroup;
			children = (
				DE72BAF22983ADAD00EA7E92 /* Base */,
			);
			name = Main.storyboard;
			sourceTree = "<group>";
		};
		DE72BAF62983ADAF00EA7E92 /* LaunchScreen.storyboard */ = {
			isa = PBXVariantGroup;
			children = (
				DE72BAF72983ADAF00EA7E92 /* Base */,
			);
			name = LaunchScreen.storyboard;
			sourceTree = "<group>";
		};
/* End PBXVariantGroup section */

/* Begin XCBuildConfiguration section */
		DE72BAFA2983ADAF00EA7E92 /* Debug */ = {
			isa = XCBuildConfiguration;
			buildSettings = {
				ALWAYS_SEARCH_USER_PATHS = NO;
				CLANG_ANALYZER_NONNULL = YES;
				CLANG_ANALYZER_NUMBER_OBJECT_CONVERSION = YES_AGGRESSIVE;
				CLANG_CXX_LANGUAGE_STANDARD = "gnu++20";
				CLANG_ENABLE_MODULES = YES;
				CLANG_ENABLE_OBJC_ARC = YES;
				CLANG_ENABLE_OBJC_WEAK = YES;
				CLANG_WARN_BLOCK_CAPTURE_AUTORELEASING = YES;
				CLANG_WARN_BOOL_CONVERSION = YES;
				CLANG_WARN_COMMA = YES;
				CLANG_WARN_CONSTANT_CONVERSION = YES;
				CLANG_WARN_DEPRECATED_OBJC_IMPLEMENTATIONS = YES;
				CLANG_WARN_DIRECT_OBJC_ISA_USAGE = YES_ERROR;
				CLANG_WARN_DOCUMENTATION_COMMENTS = YES;
				CLANG_WARN_EMPTY_BODY = YES;
				CLANG_WARN_ENUM_CONVERSION = YES;
				CLANG_WARN_INFINITE_RECURSION = YES;
				CLANG_WARN_INT_CONVERSION = YES;
				CLANG_WARN_NON_LITERAL_NULL_CONVERSION = YES;
				CLANG_WARN_OBJC_IMPLICIT_RETAIN_SELF = YES;
				CLANG_WARN_OBJC_LITERAL_CONVERSION = YES;
				CLANG_WARN_OBJC_ROOT_CLASS = YES_ERROR;
				CLANG_WARN_QUOTED_INCLUDE_IN_FRAMEWORK_HEADER = YES;
				CLANG_WARN_RANGE_LOOP_ANALYSIS = YES;
				CLANG_WARN_STRICT_PROTOTYPES = YES;
				CLANG_WARN_SUSPICIOUS_MOVE = YES;
				CLANG_WARN_UNGUARDED_AVAILABILITY = YES_AGGRESSIVE;
				CLANG_WARN_UNREACHABLE_CODE = YES;
				CLANG_WARN__DUPLICATE_METHOD_MATCH = YES;
				COPY_PHASE_STRIP = NO;
				DEBUG_INFORMATION_FORMAT = dwarf;
				ENABLE_STRICT_OBJC_MSGSEND = YES;
				ENABLE_TESTABILITY = YES;
				GCC_C_LANGUAGE_STANDARD = gnu11;
				GCC_DYNAMIC_NO_PIC = NO;
				GCC_NO_COMMON_BLOCKS = YES;
				GCC_OPTIMIZATION_LEVEL = 0;
				GCC_PREPROCESSOR_DEFINITIONS = (
					"DEBUG=1",
					"$(inherited)",
				);
				GCC_WARN_64_TO_32_BIT_CONVERSION = YES;
				GCC_WARN_ABOUT_RETURN_TYPE = YES_ERROR;
				GCC_WARN_UNDECLARED_SELECTOR = YES;
				GCC_WARN_UNINITIALIZED_AUTOS = YES_AGGRESSIVE;
				GCC_WARN_UNUSED_FUNCTION = YES;
				GCC_WARN_UNUSED_VARIABLE = YES;
				IPHONEOS_DEPLOYMENT_TARGET = 11.0;
				MTL_ENABLE_DEBUG_INFO = INCLUDE_SOURCE;
				MTL_FAST_MATH = YES;
				ONLY_ACTIVE_ARCH = YES;
				SDKROOT = iphoneos;
				SWIFT_ACTIVE_COMPILATION_CONDITIONS = DEBUG;
				SWIFT_OPTIMIZATION_LEVEL = "-Onone";
			};
			name = Debug;
		};
		DE72BAFB2983ADAF00EA7E92 /* Release */ = {
			isa = XCBuildConfiguration;
			buildSettings = {
				ALWAYS_SEARCH_USER_PATHS = NO;
				CLANG_ANALYZER_NONNULL = YES;
				CLANG_ANALYZER_NUMBER_OBJECT_CONVERSION = YES_AGGRESSIVE;
				CLANG_CXX_LANGUAGE_STANDARD = "gnu++20";
				CLANG_ENABLE_MODULES = YES;
				CLANG_ENABLE_OBJC_ARC = YES;
				CLANG_ENABLE_OBJC_WEAK = YES;
				CLANG_WARN_BLOCK_CAPTURE_AUTORELEASING = YES;
				CLANG_WARN_BOOL_CONVERSION = YES;
				CLANG_WARN_COMMA = YES;
				CLANG_WARN_CONSTANT_CONVERSION = YES;
				CLANG_WARN_DEPRECATED_OBJC_IMPLEMENTATIONS = YES;
				CLANG_WARN_DIRECT_OBJC_ISA_USAGE = YES_ERROR;
				CLANG_WARN_DOCUMENTATION_COMMENTS = YES;
				CLANG_WARN_EMPTY_BODY = YES;
				CLANG_WARN_ENUM_CONVERSION = YES;
				CLANG_WARN_INFINITE_RECURSION = YES;
				CLANG_WARN_INT_CONVERSION = YES;
				CLANG_WARN_NON_LITERAL_NULL_CONVERSION = YES;
				CLANG_WARN_OBJC_IMPLICIT_RETAIN_SELF = YES;
				CLANG_WARN_OBJC_LITERAL_CONVERSION = YES;
				CLANG_WARN_OBJC_ROOT_CLASS = YES_ERROR;
				CLANG_WARN_QUOTED_INCLUDE_IN_FRAMEWORK_HEADER = YES;
				CLANG_WARN_RANGE_LOOP_ANALYSIS = YES;
				CLANG_WARN_STRICT_PROTOTYPES = YES;
				CLANG_WARN_SUSPICIOUS_MOVE = YES;
				CLANG_WARN_UNGUARDED_AVAILABILITY = YES_AGGRESSIVE;
				CLANG_WARN_UNREACHABLE_CODE = YES;
				CLANG_WARN__DUPLICATE_METHOD_MATCH = YES;
				COPY_PHASE_STRIP = NO;
				DEBUG_INFORMATION_FORMAT = "dwarf-with-dsym";
				ENABLE_NS_ASSERTIONS = NO;
				ENABLE_STRICT_OBJC_MSGSEND = YES;
				GCC_C_LANGUAGE_STANDARD = gnu11;
				GCC_NO_COMMON_BLOCKS = YES;
				GCC_WARN_64_TO_32_BIT_CONVERSION = YES;
				GCC_WARN_ABOUT_RETURN_TYPE = YES_ERROR;
				GCC_WARN_UNDECLARED_SELECTOR = YES;
				GCC_WARN_UNINITIALIZED_AUTOS = YES_AGGRESSIVE;
				GCC_WARN_UNUSED_FUNCTION = YES;
				GCC_WARN_UNUSED_VARIABLE = YES;
				IPHONEOS_DEPLOYMENT_TARGET = 11.0;
				MTL_ENABLE_DEBUG_INFO = NO;
				MTL_FAST_MATH = YES;
				SDKROOT = iphoneos;
				SWIFT_COMPILATION_MODE = wholemodule;
				SWIFT_OPTIMIZATION_LEVEL = "-O";
				VALIDATE_PRODUCT = YES;
			};
			name = Release;
		};
		DE72BAFD2983ADAF00EA7E92 /* Debug */ = {
			isa = XCBuildConfiguration;
			baseConfigurationReference = ECBBC4223351B0067C461796 /* Pods-RxMemo.debug.xcconfig */;
			buildSettings = {
				ASSETCATALOG_COMPILER_APPICON_NAME = AppIcon;
				ASSETCATALOG_COMPILER_GLOBAL_ACCENT_COLOR_NAME = AccentColor;
				CODE_SIGN_STYLE = Automatic;
				CURRENT_PROJECT_VERSION = 1;
				DEVELOPMENT_TEAM = ZJX66QZ527;
				GENERATE_INFOPLIST_FILE = YES;
				INFOPLIST_FILE = RxMemo/Info.plist;
				INFOPLIST_KEY_UIApplicationSupportsIndirectInputEvents = YES;
				INFOPLIST_KEY_UILaunchStoryboardName = LaunchScreen;
				INFOPLIST_KEY_UIMainStoryboardFile = Main;
				INFOPLIST_KEY_UISupportedInterfaceOrientations_iPad = "UIInterfaceOrientationPortrait UIInterfaceOrientationPortraitUpsideDown UIInterfaceOrientationLandscapeLeft UIInterfaceOrientationLandscapeRight";
				INFOPLIST_KEY_UISupportedInterfaceOrientations_iPhone = "UIInterfaceOrientationPortrait UIInterfaceOrientationLandscapeLeft UIInterfaceOrientationLandscapeRight";
				IPHONEOS_DEPLOYMENT_TARGET = 11.0;
				LD_RUNPATH_SEARCH_PATHS = (
					"$(inherited)",
					"@executable_path/Frameworks",
				);
				MARKETING_VERSION = 1.0;
				PRODUCT_BUNDLE_IDENTIFIER = com.kwm.RxMemo;
				PRODUCT_NAME = "$(TARGET_NAME)";
				SWIFT_EMIT_LOC_STRINGS = YES;
				SWIFT_VERSION = 5.0;
				TARGETED_DEVICE_FAMILY = "1,2";
			};
			name = Debug;
		};
		DE72BAFE2983ADAF00EA7E92 /* Release */ = {
			isa = XCBuildConfiguration;
			baseConfigurationReference = AE39CAB7C8FD820427EFC081 /* Pods-RxMemo.release.xcconfig */;
			buildSettings = {
				ASSETCATALOG_COMPILER_APPICON_NAME = AppIcon;
				ASSETCATALOG_COMPILER_GLOBAL_ACCENT_COLOR_NAME = AccentColor;
				CODE_SIGN_STYLE = Automatic;
				CURRENT_PROJECT_VERSION = 1;
				DEVELOPMENT_TEAM = ZJX66QZ527;
				GENERATE_INFOPLIST_FILE = YES;
				INFOPLIST_FILE = RxMemo/Info.plist;
				INFOPLIST_KEY_UIApplicationSupportsIndirectInputEvents = YES;
				INFOPLIST_KEY_UILaunchStoryboardName = LaunchScreen;
				INFOPLIST_KEY_UIMainStoryboardFile = Main;
				INFOPLIST_KEY_UISupportedInterfaceOrientations_iPad = "UIInterfaceOrientationPortrait UIInterfaceOrientationPortraitUpsideDown UIInterfaceOrientationLandscapeLeft UIInterfaceOrientationLandscapeRight";
				INFOPLIST_KEY_UISupportedInterfaceOrientations_iPhone = "UIInterfaceOrientationPortrait UIInterfaceOrientationLandscapeLeft UIInterfaceOrientationLandscapeRight";
				IPHONEOS_DEPLOYMENT_TARGET = 11.0;
				LD_RUNPATH_SEARCH_PATHS = (
					"$(inherited)",
					"@executable_path/Frameworks",
				);
				MARKETING_VERSION = 1.0;
				PRODUCT_BUNDLE_IDENTIFIER = com.kwm.RxMemo;
				PRODUCT_NAME = "$(TARGET_NAME)";
				SWIFT_EMIT_LOC_STRINGS = YES;
				SWIFT_VERSION = 5.0;
				TARGETED_DEVICE_FAMILY = "1,2";
			};
			name = Release;
		};
/* End XCBuildConfiguration section */

/* Begin XCConfigurationList section */
		DE72BAE32983ADAD00EA7E92 /* Build configuration list for PBXProject "RxMemo" */ = {
			isa = XCConfigurationList;
			buildConfigurations = (
				DE72BAFA2983ADAF00EA7E92 /* Debug */,
				DE72BAFB2983ADAF00EA7E92 /* Release */,
			);
			defaultConfigurationIsVisible = 0;
			defaultConfigurationName = Release;
		};
		DE72BAFC2983ADAF00EA7E92 /* Build configuration list for PBXNativeTarget "RxMemo" */ = {
			isa = XCConfigurationList;
			buildConfigurations = (
				DE72BAFD2983ADAF00EA7E92 /* Debug */,
				DE72BAFE2983ADAF00EA7E92 /* Release */,
			);
			defaultConfigurationIsVisible = 0;
			defaultConfigurationName = Release;
		};
/* End XCConfigurationList section */
	};
	rootObject = DE72BAE02983ADAD00EA7E92 /* Project object */;
}
